{
  "version": 4,
  "terraform_version": "1.0.1",
  "serial": 1,
  "lineage": "484d7c12-4902-0296-18e1-3aa56cc88e53",
  "outputs": {},
  "resources": [
    {
      "mode": "data",
      "type": "azurerm_resource_group",
      "name": "demo-rgp",
      "provider": "provider[\"registry.terraform.io/hashicorp/azurerm\"]",
      "instances": [
        {
          "schema_version": 0,
          "attributes": {
            "id": "/subscriptions/7ed35d9d-6e1e-428e-8325-fcbaa8142bc2/resourceGroups/DEMO-RGP",
            "location": "centralus",
            "name": "DEMO-RGP",
            "tags": {},
            "timeouts": null
          },
          "sensitive_attributes": []
        }
      ]
    },
    {
      "mode": "data",
      "type": "azurerm_virtual_network",
      "name": "demo-vnt",
      "provider": "provider[\"registry.terraform.io/hashicorp/azurerm\"]",
      "instances": [
        {
          "schema_version": 0,
          "attributes": {
            "address_space": [
              "10.0.0.0/24"
            ],
            "dns_servers": [],
            "guid": "0c342c57-bf02-43e3-81f4-495b6e770a10",
            "id": "/subscriptions/7ed35d9d-6e1e-428e-8325-fcbaa8142bc2/resourceGroups/DEMO-RGP/providers/Microsoft.Network/virtualNetworks/DEMO-VNT",
            "location": "centralus",
            "name": "DEMO-VNT",
            "resource_group_name": "DEMO-RGP",
            "subnets": [],
            "tags": {},
            "timeouts": null,
            "vnet_peerings": {},
            "vnet_peerings_addresses": []
          },
          "sensitive_attributes": []
        }
      ]
    },
    {
      "mode": "managed",
      "type": "azurerm_subnet",
      "name": "demo-snt",
      "provider": "provider[\"registry.terraform.io/hashicorp/azurerm\"]",
      "instances": [
        {
          "schema_version": 0,
          "attributes": {
            "address_prefixes": [
              "10.0.0.0/28"
            ],
            "delegation": [],
            "enforce_private_link_endpoint_network_policies": false,
            "enforce_private_link_service_network_policies": false,
            "id": "/subscriptions/7ed35d9d-6e1e-428e-8325-fcbaa8142bc2/resourceGroups/DEMO-RGP/providers/Microsoft.Network/virtualNetworks/DEMO-VNT/subnets/DEMO-SNT",
            "name": "DEMO-SNT",
            "resource_group_name": "DEMO-RGP",
            "service_endpoint_policy_ids": null,
            "service_endpoints": null,
            "timeouts": null,
            "virtual_network_name": "DEMO-VNT"
          },
          "sensitive_attributes": [],
          "private": "eyJlMmJmYjczMC1lY2FhLTExZTYtOGY4OC0zNDM2M2JjN2M0YzAiOnsiY3JlYXRlIjoxODAwMDAwMDAwMDAwLCJkZWxldGUiOjE4MDAwMDAwMDAwMDAsInJlYWQiOjMwMDAwMDAwMDAwMCwidXBkYXRlIjoxODAwMDAwMDAwMDAwfX0=",
          "dependencies": [
            "data.azurerm_resource_group.demo-rgp",
            "data.azurerm_virtual_network.demo-vnt"
          ]
        }
      ]
    }
  ]
}
